
Microsoft Visual Studio Solution File, Format Version 12.00
# Visual Studio 2012
Project("{FAE04EC0-301F-11D3-BF4B-00C04F79EFBC}") = "Rabbit.IOnline", "Rabbit.IOnline\Rabbit.IOnline.csproj", "{C75D76DF-BA9D-4F3F-9684-E5B53CD74C2A}"
EndProject
Project("{FAE04EC0-301F-11D3-BF4B-00C04F79EFBC}") = "Rabbit.IWasThere.Domain", "Rabbit.IWasThere.Domain\Rabbit.IWasThere.Domain.csproj", "{A4A5EDAF-8CB9-42CC-A3E8-2311601AF1A8}"
EndProject
Project("{FAE04EC0-301F-11D3-BF4B-00C04F79EFBC}") = "Rabbit.IWasThere.Data", "Rabbit.IWasThere.Data\Rabbit.IWasThere.Data.csproj", "{3D8E0083-05BF-403D-82E0-781156A4C8D1}"
EndProject
Project("{FAE04EC0-301F-11D3-BF4B-00C04F79EFBC}") = "Rabbit.IWasThere.Data.EF", "Rabbit.IWasThere.Data.EF\Rabbit.IWasThere.Data.EF.csproj", "{D104FF65-44C6-4FBC-80B8-CC2F7C917DAB}"
EndProject
Project("{2150E333-8FDC-42A3-9474-1A3956D46DE8}") = ".nuget", ".nuget", "{9836C238-AA97-4223-B5E2-340DEACFEA63}"
	ProjectSection(SolutionItems) = preProject
		.nuget\NuGet.Config = .nuget\NuGet.Config
		.nuget\NuGet.exe = .nuget\NuGet.exe
		.nuget\NuGet.targets = .nuget\NuGet.targets
	EndProjectSection
EndProject
Project("{2150E333-8FDC-42A3-9474-1A3956D46DE8}") = "Solution Items", "Solution Items", "{17B5EB46-CCA0-4384-8C62-9B644BFEEC77}"
	ProjectSection(SolutionItems) = preProject
		CategoryData.txt = CategoryData.txt
	EndProjectSection
EndProject
Project("{FAE04EC0-301F-11D3-BF4B-00C04F79EFBC}") = "Rabbit.IWasThere.Data.Dapper", "Rabbit.IWasThere.Data.Dapper\Rabbit.IWasThere.Data.Dapper.csproj", "{3198D9AF-1742-4160-8D7A-FBC46B1DAC04}"
EndProject
Project("{FAE04EC0-301F-11D3-BF4B-00C04F79EFBC}") = "Rabbit.IWasThere.Common", "Rabbit.IWasThere.Common\Rabbit.IWasThere.Common.csproj", "{EB60EAA6-42EE-4EB0-99FD-7A911FBEFEAD}"
EndProject
Global
	GlobalSection(SolutionConfigurationPlatforms) = preSolution
		Debug|Any CPU = Debug|Any CPU
		Release|Any CPU = Release|Any CPU
	EndGlobalSection
	GlobalSection(ProjectConfigurationPlatforms) = postSolution
		{C75D76DF-BA9D-4F3F-9684-E5B53CD74C2A}.Debug|Any CPU.ActiveCfg = Debug|Any CPU
		{C75D76DF-BA9D-4F3F-9684-E5B53CD74C2A}.Debug|Any CPU.Build.0 = Debug|Any CPU
		{C75D76DF-BA9D-4F3F-9684-E5B53CD74C2A}.Release|Any CPU.ActiveCfg = Release|Any CPU
		{C75D76DF-BA9D-4F3F-9684-E5B53CD74C2A}.Release|Any CPU.Build.0 = Release|Any CPU
		{A4A5EDAF-8CB9-42CC-A3E8-2311601AF1A8}.Debug|Any CPU.ActiveCfg = Debug|Any CPU
		{A4A5EDAF-8CB9-42CC-A3E8-2311601AF1A8}.Debug|Any CPU.Build.0 = Debug|Any CPU
		{A4A5EDAF-8CB9-42CC-A3E8-2311601AF1A8}.Release|Any CPU.ActiveCfg = Release|Any CPU
		{A4A5EDAF-8CB9-42CC-A3E8-2311601AF1A8}.Release|Any CPU.Build.0 = Release|Any CPU
		{3D8E0083-05BF-403D-82E0-781156A4C8D1}.Debug|Any CPU.ActiveCfg = Debug|Any CPU
		{3D8E0083-05BF-403D-82E0-781156A4C8D1}.Debug|Any CPU.Build.0 = Debug|Any CPU
		{3D8E0083-05BF-403D-82E0-781156A4C8D1}.Release|Any CPU.ActiveCfg = Release|Any CPU
		{3D8E0083-05BF-403D-82E0-781156A4C8D1}.Release|Any CPU.Build.0 = Release|Any CPU
		{D104FF65-44C6-4FBC-80B8-CC2F7C917DAB}.Debug|Any CPU.ActiveCfg = Debug|Any CPU
		{D104FF65-44C6-4FBC-80B8-CC2F7C917DAB}.Debug|Any CPU.Build.0 = Debug|Any CPU
		{D104FF65-44C6-4FBC-80B8-CC2F7C917DAB}.Release|Any CPU.ActiveCfg = Release|Any CPU
		{D104FF65-44C6-4FBC-80B8-CC2F7C917DAB}.Release|Any CPU.Build.0 = Release|Any CPU
		{3198D9AF-1742-4160-8D7A-FBC46B1DAC04}.Debug|Any CPU.ActiveCfg = Debug|Any CPU
		{3198D9AF-1742-4160-8D7A-FBC46B1DAC04}.Debug|Any CPU.Build.0 = Debug|Any CPU
		{3198D9AF-1742-4160-8D7A-FBC46B1DAC04}.Release|Any CPU.ActiveCfg = Release|Any CPU
		{3198D9AF-1742-4160-8D7A-FBC46B1DAC04}.Release|Any CPU.Build.0 = Release|Any CPU
		{EB60EAA6-42EE-4EB0-99FD-7A911FBEFEAD}.Debug|Any CPU.ActiveCfg = Debug|Any CPU
		{EB60EAA6-42EE-4EB0-99FD-7A911FBEFEAD}.Debug|Any CPU.Build.0 = Debug|Any CPU
		{EB60EAA6-42EE-4EB0-99FD-7A911FBEFEAD}.Release|Any CPU.ActiveCfg = Release|Any CPU
		{EB60EAA6-42EE-4EB0-99FD-7A911FBEFEAD}.Release|Any CPU.Build.0 = Release|Any CPU
	EndGlobalSection
	GlobalSection(SolutionProperties) = preSolution
		HideSolutionNode = FALSE
	EndGlobalSection
EndGlobal
