
Microsoft Visual Studio Solution File, Format Version 12.00
# Visual Studio 2012
Project("{FAE04EC0-301F-11D3-BF4B-00C04F79EFBC}") = "IOnline", "Rabbit.IOnline\IOnline.csproj", "{C75D76DF-BA9D-4F3F-9684-E5B53CD74C2A}"
EndProject
Project("{FAE04EC0-301F-11D3-BF4B-00C04F79EFBC}") = "Domain", "Rabbit.IWasThere.Domain\Domain.csproj", "{A4A5EDAF-8CB9-42CC-A3E8-2311601AF1A8}"
EndProject
Project("{FAE04EC0-301F-11D3-BF4B-00C04F79EFBC}") = "Data", "Rabbit.IWasThere.Data\Data.csproj", "{3D8E0083-05BF-403D-82E0-781156A4C8D1}"
EndProject
Project("{FAE04EC0-301F-11D3-BF4B-00C04F79EFBC}") = "Data.EF", "Rabbit.IWasThere.Data.EF\Data.EF.csproj", "{D104FF65-44C6-4FBC-80B8-CC2F7C917DAB}"
EndProject
Project("{2150E333-8FDC-42A3-9474-1A3956D46DE8}") = ".nuget", ".nuget", "{9836C238-AA97-4223-B5E2-340DEACFEA63}"
	ProjectSection(SolutionItems) = preProject
		.nuget\NuGet.Config = .nuget\NuGet.Config
		.nuget\NuGet.exe = .nuget\NuGet.exe
		.nuget\NuGet.targets = .nuget\NuGet.targets
	EndProjectSection
EndProject
Project("{2150E333-8FDC-42A3-9474-1A3956D46DE8}") = "Solution Items", "Solution Items", "{17B5EB46-CCA0-4384-8C62-9B644BFEEC77}"
	ProjectSection(SolutionItems) = preProject
		CategoryData.txt = CategoryData.txt
		Credits.txt = Credits.txt
	EndProjectSection
EndProject
Project("{FAE04EC0-301F-11D3-BF4B-00C04F79EFBC}") = "Data.Dapper", "Rabbit.IWasThere.Data.Dapper\Data.Dapper.csproj", "{3198D9AF-1742-4160-8D7A-FBC46B1DAC04}"
EndProject
Project("{FAE04EC0-301F-11D3-BF4B-00C04F79EFBC}") = "Common", "Rabbit.IWasThere.Common\Common.csproj", "{EB60EAA6-42EE-4EB0-99FD-7A911FBEFEAD}"
EndProject
Project("{FAE04EC0-301F-11D3-BF4B-00C04F79EFBC}") = "Services", "Rabbit.IWasThere.Services\Services.csproj", "{F8EA6962-80D1-4B6B-A189-746EC8A452A5}"
EndProject
Project("{FAE04EC0-301F-11D3-BF4B-00C04F79EFBC}") = "Helper", "Rabbit.Helper\Helper.csproj", "{90D38AF3-E84B-49CE-B45E-D652196782A0}"
EndProject
Project("{FAE04EC0-301F-11D3-BF4B-00C04F79EFBC}") = "Data.DocumentDB", "Rabbit.IWasThere.Data.DocumentDB\Data.DocumentDB.csproj", "{B7207135-D76E-4C2F-9379-CDBB508119C6}"
EndProject
Project("{FAE04EC0-301F-11D3-BF4B-00C04F79EFBC}") = "Data.RevenDB", "Rabbit.IOnline.Data.RevenDB\Data.RevenDB.csproj", "{C4667B1E-6D83-438C-BED6-89E27FD8C2FB}"
EndProject
Project("{2150E333-8FDC-42A3-9474-1A3956D46DE8}") = "SQL", "SQL", "{355C29CD-5BE5-4410-99DB-5D0FB49A8DD9}"
EndProject
Project("{2150E333-8FDC-42A3-9474-1A3956D46DE8}") = "NoSQL", "NoSQL", "{145F704C-A207-47F4-9618-64BAAD196FE7}"
EndProject
Global
	GlobalSection(SolutionConfigurationPlatforms) = preSolution
		Debug|Any CPU = Debug|Any CPU
		Release|Any CPU = Release|Any CPU
	EndGlobalSection
	GlobalSection(ProjectConfigurationPlatforms) = postSolution
		{C75D76DF-BA9D-4F3F-9684-E5B53CD74C2A}.Debug|Any CPU.ActiveCfg = Debug|Any CPU
		{C75D76DF-BA9D-4F3F-9684-E5B53CD74C2A}.Debug|Any CPU.Build.0 = Debug|Any CPU
		{C75D76DF-BA9D-4F3F-9684-E5B53CD74C2A}.Release|Any CPU.ActiveCfg = Release|Any CPU
		{C75D76DF-BA9D-4F3F-9684-E5B53CD74C2A}.Release|Any CPU.Build.0 = Release|Any CPU
		{A4A5EDAF-8CB9-42CC-A3E8-2311601AF1A8}.Debug|Any CPU.ActiveCfg = Debug|Any CPU
		{A4A5EDAF-8CB9-42CC-A3E8-2311601AF1A8}.Debug|Any CPU.Build.0 = Debug|Any CPU
		{A4A5EDAF-8CB9-42CC-A3E8-2311601AF1A8}.Release|Any CPU.ActiveCfg = Release|Any CPU
		{A4A5EDAF-8CB9-42CC-A3E8-2311601AF1A8}.Release|Any CPU.Build.0 = Release|Any CPU
		{3D8E0083-05BF-403D-82E0-781156A4C8D1}.Debug|Any CPU.ActiveCfg = Debug|Any CPU
		{3D8E0083-05BF-403D-82E0-781156A4C8D1}.Debug|Any CPU.Build.0 = Debug|Any CPU
		{3D8E0083-05BF-403D-82E0-781156A4C8D1}.Release|Any CPU.ActiveCfg = Release|Any CPU
		{3D8E0083-05BF-403D-82E0-781156A4C8D1}.Release|Any CPU.Build.0 = Release|Any CPU
		{D104FF65-44C6-4FBC-80B8-CC2F7C917DAB}.Debug|Any CPU.ActiveCfg = Debug|Any CPU
		{D104FF65-44C6-4FBC-80B8-CC2F7C917DAB}.Debug|Any CPU.Build.0 = Debug|Any CPU
		{D104FF65-44C6-4FBC-80B8-CC2F7C917DAB}.Release|Any CPU.ActiveCfg = Release|Any CPU
		{D104FF65-44C6-4FBC-80B8-CC2F7C917DAB}.Release|Any CPU.Build.0 = Release|Any CPU
		{3198D9AF-1742-4160-8D7A-FBC46B1DAC04}.Debug|Any CPU.ActiveCfg = Debug|Any CPU
		{3198D9AF-1742-4160-8D7A-FBC46B1DAC04}.Debug|Any CPU.Build.0 = Debug|Any CPU
		{3198D9AF-1742-4160-8D7A-FBC46B1DAC04}.Release|Any CPU.ActiveCfg = Release|Any CPU
		{3198D9AF-1742-4160-8D7A-FBC46B1DAC04}.Release|Any CPU.Build.0 = Release|Any CPU
		{EB60EAA6-42EE-4EB0-99FD-7A911FBEFEAD}.Debug|Any CPU.ActiveCfg = Debug|Any CPU
		{EB60EAA6-42EE-4EB0-99FD-7A911FBEFEAD}.Debug|Any CPU.Build.0 = Debug|Any CPU
		{EB60EAA6-42EE-4EB0-99FD-7A911FBEFEAD}.Release|Any CPU.ActiveCfg = Release|Any CPU
		{EB60EAA6-42EE-4EB0-99FD-7A911FBEFEAD}.Release|Any CPU.Build.0 = Release|Any CPU
		{F8EA6962-80D1-4B6B-A189-746EC8A452A5}.Debug|Any CPU.ActiveCfg = Debug|Any CPU
		{F8EA6962-80D1-4B6B-A189-746EC8A452A5}.Debug|Any CPU.Build.0 = Debug|Any CPU
		{F8EA6962-80D1-4B6B-A189-746EC8A452A5}.Release|Any CPU.ActiveCfg = Release|Any CPU
		{F8EA6962-80D1-4B6B-A189-746EC8A452A5}.Release|Any CPU.Build.0 = Release|Any CPU
		{90D38AF3-E84B-49CE-B45E-D652196782A0}.Debug|Any CPU.ActiveCfg = Debug|Any CPU
		{90D38AF3-E84B-49CE-B45E-D652196782A0}.Debug|Any CPU.Build.0 = Debug|Any CPU
		{90D38AF3-E84B-49CE-B45E-D652196782A0}.Release|Any CPU.ActiveCfg = Release|Any CPU
		{90D38AF3-E84B-49CE-B45E-D652196782A0}.Release|Any CPU.Build.0 = Release|Any CPU
		{B7207135-D76E-4C2F-9379-CDBB508119C6}.Debug|Any CPU.ActiveCfg = Debug|Any CPU
		{B7207135-D76E-4C2F-9379-CDBB508119C6}.Debug|Any CPU.Build.0 = Debug|Any CPU
		{B7207135-D76E-4C2F-9379-CDBB508119C6}.Release|Any CPU.ActiveCfg = Release|Any CPU
		{B7207135-D76E-4C2F-9379-CDBB508119C6}.Release|Any CPU.Build.0 = Release|Any CPU
		{C4667B1E-6D83-438C-BED6-89E27FD8C2FB}.Debug|Any CPU.ActiveCfg = Debug|Any CPU
		{C4667B1E-6D83-438C-BED6-89E27FD8C2FB}.Debug|Any CPU.Build.0 = Debug|Any CPU
		{C4667B1E-6D83-438C-BED6-89E27FD8C2FB}.Release|Any CPU.ActiveCfg = Release|Any CPU
		{C4667B1E-6D83-438C-BED6-89E27FD8C2FB}.Release|Any CPU.Build.0 = Release|Any CPU
	EndGlobalSection
	GlobalSection(SolutionProperties) = preSolution
		HideSolutionNode = FALSE
	EndGlobalSection
	GlobalSection(NestedProjects) = preSolution
		{D104FF65-44C6-4FBC-80B8-CC2F7C917DAB} = {355C29CD-5BE5-4410-99DB-5D0FB49A8DD9}
		{3198D9AF-1742-4160-8D7A-FBC46B1DAC04} = {355C29CD-5BE5-4410-99DB-5D0FB49A8DD9}
		{B7207135-D76E-4C2F-9379-CDBB508119C6} = {145F704C-A207-47F4-9618-64BAAD196FE7}
		{C4667B1E-6D83-438C-BED6-89E27FD8C2FB} = {145F704C-A207-47F4-9618-64BAAD196FE7}
	EndGlobalSection
EndGlobal
